
Microsoft Visual Studio Solution File, Format Version 12.00
# Visual Studio Version 16
VisualStudioVersion = 16.0.29519.87
MinimumVisualStudioVersion = 10.0.40219.1
Project("{FAE04EC0-301F-11D3-BF4B-00C04F79EFBC}") = "Awa.TestConsole", "Awa.TestConsole\Awa.TestConsole.csproj", "{F0A71C72-D4F9-4167-94F2-AA52FD01023F}"
EndProject
Global
	GlobalSection(SolutionConfigurationPlatforms) = preSolution
		Debug|Any CPU = Debug|Any CPU
		Release|Any CPU = Release|Any CPU
	EndGlobalSection
	GlobalSection(ProjectConfigurationPlatforms) = postSolution
		{F0A71C72-D4F9-4167-94F2-AA52FD01023F}.Debug|Any CPU.ActiveCfg = Debug|Any CPU
		{F0A71C72-D4F9-4167-94F2-AA52FD01023F}.Debug|Any CPU.Build.0 = Debug|Any CPU
		{F0A71C72-D4F9-4167-94F2-AA52FD01023F}.Release|Any CPU.ActiveCfg = Release|Any CPU
		{F0A71C72-D4F9-4167-94F2-AA52FD01023F}.Release|Any CPU.Build.0 = Release|Any CPU
	EndGlobalSection
	GlobalSection(SolutionProperties) = preSolution
		HideSolutionNode = FALSE
	EndGlobalSection
	GlobalSection(ExtensibilityGlobals) = postSolution
		SolutionGuid = {AF7D3D1D-EA24-4E24-B31C-58D6856EA416}
	EndGlobalSection
EndGlobal
